// !$*UTF8*$!
{
	archiveVersion = 1;
	classes = {
	};
	objectVersion = 52;
	objects = {

/* Begin PBXBuildFile section */
		BF37087F25C22E8500183277 /* ScannerViewController.swift in Sources */ = {isa = PBXBuildFile; fileRef = BF37087E25C22E8500183277 /* ScannerViewController.swift */; };
		BFB813E425A3FBAE00405BF1 /* AppDelegate.swift in Sources */ = {isa = PBXBuildFile; fileRef = BFB813E325A3FBAE00405BF1 /* AppDelegate.swift */; };
		BFB813E625A3FBAE00405BF1 /* SceneDelegate.swift in Sources */ = {isa = PBXBuildFile; fileRef = BFB813E525A3FBAE00405BF1 /* SceneDelegate.swift */; };
		BFB813E825A3FBAE00405BF1 /* MainViewController.swift in Sources */ = {isa = PBXBuildFile; fileRef = BFB813E725A3FBAE00405BF1 /* MainViewController.swift */; };
		BFB813EB25A3FBAE00405BF1 /* Main.storyboard in Resources */ = {isa = PBXBuildFile; fileRef = BFB813E925A3FBAE00405BF1 /* Main.storyboard */; };
		BFB813ED25A3FBB500405BF1 /* Assets.xcassets in Resources */ = {isa = PBXBuildFile; fileRef = BFB813EC25A3FBB500405BF1 /* Assets.xcassets */; };
		BFB813F025A3FBB500405BF1 /* LaunchScreen.storyboard in Resources */ = {isa = PBXBuildFile; fileRef = BFB813EE25A3FBB500405BF1 /* LaunchScreen.storyboard */; };
		BFB813FF25A533E900405BF1 /* OtpTableViewCell.swift in Sources */ = {isa = PBXBuildFile; fileRef = BFB813FE25A533E900405BF1 /* OtpTableViewCell.swift */; };
		BFB8140225A536B200405BF1 /* Otp.swift in Sources */ = {isa = PBXBuildFile; fileRef = BFB8140125A536B200405BF1 /* Otp.swift */; };
		BFB8140525A55CAA00405BF1 /* NewOtpViewController.swift in Sources */ = {isa = PBXBuildFile; fileRef = BFB8140425A55CAA00405BF1 /* NewOtpViewController.swift */; };
		BFB8140825A69C2F00405BF1 /* ManualViewController.swift in Sources */ = {isa = PBXBuildFile; fileRef = BFB8140725A69C2F00405BF1 /* ManualViewController.swift */; };
		BFB8141525AE7A3100405BF1 /* BaseDao.swift in Sources */ = {isa = PBXBuildFile; fileRef = BFB8141425AE7A3100405BF1 /* BaseDao.swift */; };
		BFB8141925AE7A5D00405BF1 /* OtpDao.swift in Sources */ = {isa = PBXBuildFile; fileRef = BFB8141825AE7A5D00405BF1 /* OtpDao.swift */; };
		BFB8141C25AE7B3D00405BF1 /* Alert.swift in Sources */ = {isa = PBXBuildFile; fileRef = BFB8141B25AE7B3D00405BF1 /* Alert.swift */; };
		BFB8142025AE8AD000405BF1 /* SwiftOTP in Frameworks */ = {isa = PBXBuildFile; productRef = BFB8141F25AE8AD000405BF1 /* SwiftOTP */; };
/* End PBXBuildFile section */

/* Begin PBXFileReference section */
		BF37087E25C22E8500183277 /* ScannerViewController.swift */ = {isa = PBXFileReference; lastKnownFileType = sourcecode.swift; path = ScannerViewController.swift; sourceTree = "<group>"; };
		BFB813E025A3FBAE00405BF1 /* autenticador.app */ = {isa = PBXFileReference; explicitFileType = wrapper.application; includeInIndex = 0; path = autenticador.app; sourceTree = BUILT_PRODUCTS_DIR; };
		BFB813E325A3FBAE00405BF1 /* AppDelegate.swift */ = {isa = PBXFileReference; lastKnownFileType = sourcecode.swift; path = AppDelegate.swift; sourceTree = "<group>"; };
		BFB813E525A3FBAE00405BF1 /* SceneDelegate.swift */ = {isa = PBXFileReference; lastKnownFileType = sourcecode.swift; path = SceneDelegate.swift; sourceTree = "<group>"; };
		BFB813E725A3FBAE00405BF1 /* MainViewController.swift */ = {isa = PBXFileReference; lastKnownFileType = sourcecode.swift; path = MainViewController.swift; sourceTree = "<group>"; };
		BFB813EA25A3FBAE00405BF1 /* Base */ = {isa = PBXFileReference; lastKnownFileType = file.storyboard; name = Base; path = Base.lproj/Main.storyboard; sourceTree = "<group>"; };
		BFB813EC25A3FBB500405BF1 /* Assets.xcassets */ = {isa = PBXFileReference; lastKnownFileType = folder.assetcatalog; path = Assets.xcassets; sourceTree = "<group>"; };
		BFB813EF25A3FBB500405BF1 /* Base */ = {isa = PBXFileReference; lastKnownFileType = file.storyboard; name = Base; path = Base.lproj/LaunchScreen.storyboard; sourceTree = "<group>"; };
		BFB813F125A3FBB500405BF1 /* Info.plist */ = {isa = PBXFileReference; lastKnownFileType = text.plist.xml; path = Info.plist; sourceTree = "<group>"; };
		BFB813FE25A533E900405BF1 /* OtpTableViewCell.swift */ = {isa = PBXFileReference; lastKnownFileType = sourcecode.swift; path = OtpTableViewCell.swift; sourceTree = "<group>"; };
		BFB8140125A536B200405BF1 /* Otp.swift */ = {isa = PBXFileReference; lastKnownFileType = sourcecode.swift; path = Otp.swift; sourceTree = "<group>"; };
		BFB8140425A55CAA00405BF1 /* NewOtpViewController.swift */ = {isa = PBXFileReference; lastKnownFileType = sourcecode.swift; path = NewOtpViewController.swift; sourceTree = "<group>"; };
		BFB8140725A69C2F00405BF1 /* ManualViewController.swift */ = {isa = PBXFileReference; lastKnownFileType = sourcecode.swift; path = ManualViewController.swift; sourceTree = "<group>"; };
		BFB8141425AE7A3100405BF1 /* BaseDao.swift */ = {isa = PBXFileReference; lastKnownFileType = sourcecode.swift; path = BaseDao.swift; sourceTree = "<group>"; };
		BFB8141825AE7A5D00405BF1 /* OtpDao.swift */ = {isa = PBXFileReference; lastKnownFileType = sourcecode.swift; path = OtpDao.swift; sourceTree = "<group>"; };
		BFB8141B25AE7B3D00405BF1 /* Alert.swift */ = {isa = PBXFileReference; lastKnownFileType = sourcecode.swift; path = Alert.swift; sourceTree = "<group>"; };
/* End PBXFileReference section */

/* Begin PBXFrameworksBuildPhase section */
		BFB813DD25A3FBAE00405BF1 /* Frameworks */ = {
			isa = PBXFrameworksBuildPhase;
			buildActionMask = 2147483647;
			files = (
				BFB8142025AE8AD000405BF1 /* SwiftOTP in Frameworks */,
			);
			runOnlyForDeploymentPostprocessing = 0;
		};
/* End PBXFrameworksBuildPhase section */

/* Begin PBXGroup section */
		BFB813D725A3FBAE00405BF1 = {
			isa = PBXGroup;
			children = (
				BFB813E225A3FBAE00405BF1 /* autenticador */,
				BFB813E125A3FBAE00405BF1 /* Products */,
			);
			sourceTree = "<group>";
		};
		BFB813E125A3FBAE00405BF1 /* Products */ = {
			isa = PBXGroup;
			children = (
				BFB813E025A3FBAE00405BF1 /* autenticador.app */,
			);
			name = Products;
			sourceTree = "<group>";
		};
		BFB813E225A3FBAE00405BF1 /* autenticador */ = {
			isa = PBXGroup;
			children = (
				BFB8141325AE79F900405BF1 /* Data */,
				BFB813FB25A4C6CF00405BF1 /* Controllers */,
				BFB813FA25A4C6C600405BF1 /* Views */,
				BFB813F825A4C6AA00405BF1 /* Models */,
				BFB813EC25A3FBB500405BF1 /* Assets.xcassets */,
				BFB813E325A3FBAE00405BF1 /* AppDelegate.swift */,
				BFB813E525A3FBAE00405BF1 /* SceneDelegate.swift */,
				BFB813F125A3FBB500405BF1 /* Info.plist */,
			);
			path = autenticador;
			sourceTree = "<group>";
		};
		BFB813F825A4C6AA00405BF1 /* Models */ = {
			isa = PBXGroup;
			children = (
				BFB8140125A536B200405BF1 /* Otp.swift */,
				BFB8141B25AE7B3D00405BF1 /* Alert.swift */,
			);
			path = Models;
			sourceTree = "<group>";
		};
		BFB813FA25A4C6C600405BF1 /* Views */ = {
			isa = PBXGroup;
			children = (
				BFB813E925A3FBAE00405BF1 /* Main.storyboard */,
				BFB813EE25A3FBB500405BF1 /* LaunchScreen.storyboard */,
			);
			path = Views;
			sourceTree = "<group>";
		};
		BFB813FB25A4C6CF00405BF1 /* Controllers */ = {
			isa = PBXGroup;
			children = (
				BFB813E725A3FBAE00405BF1 /* MainViewController.swift */,
				BFB813FE25A533E900405BF1 /* OtpTableViewCell.swift */,
				BFB8140425A55CAA00405BF1 /* NewOtpViewController.swift */,
				BFB8140725A69C2F00405BF1 /* ManualViewController.swift */,
				BF37087E25C22E8500183277 /* ScannerViewController.swift */,
			);
			path = Controllers;
			sourceTree = "<group>";
		};
		BFB8141325AE79F900405BF1 /* Data */ = {
			isa = PBXGroup;
			children = (
				BFB8141425AE7A3100405BF1 /* BaseDao.swift */,
				BFB8141825AE7A5D00405BF1 /* OtpDao.swift */,
			);
			path = Data;
			sourceTree = "<group>";
		};
/* End PBXGroup section */

/* Begin PBXNativeTarget section */
		BFB813DF25A3FBAE00405BF1 /* autenticador */ = {
			isa = PBXNativeTarget;
			buildConfigurationList = BFB813F425A3FBB500405BF1 /* Build configuration list for PBXNativeTarget "autenticador" */;
			buildPhases = (
				BFB813DC25A3FBAE00405BF1 /* Sources */,
				BFB813DD25A3FBAE00405BF1 /* Frameworks */,
				BFB813DE25A3FBAE00405BF1 /* Resources */,
			);
			buildRules = (
			);
			dependencies = (
			);
			name = autenticador;
			packageProductDependencies = (
				BFB8141F25AE8AD000405BF1 /* SwiftOTP */,
			);
			productName = autenticador;
			productReference = BFB813E025A3FBAE00405BF1 /* autenticador.app */;
			productType = "com.apple.product-type.application";
		};
/* End PBXNativeTarget section */

/* Begin PBXProject section */
		BFB813D825A3FBAE00405BF1 /* Project object */ = {
			isa = PBXProject;
			attributes = {
				LastSwiftUpdateCheck = 1230;
				LastUpgradeCheck = 1230;
				TargetAttributes = {
					BFB813DF25A3FBAE00405BF1 = {
						CreatedOnToolsVersion = 12.3;
					};
				};
			};
			buildConfigurationList = BFB813DB25A3FBAE00405BF1 /* Build configuration list for PBXProject "autenticador" */;
			compatibilityVersion = "Xcode 9.3";
			developmentRegion = en;
			hasScannedForEncodings = 0;
			knownRegions = (
				en,
				Base,
			);
			mainGroup = BFB813D725A3FBAE00405BF1;
			packageReferences = (
				BFB8141E25AE8AD000405BF1 /* XCRemoteSwiftPackageReference "SwiftOTP" */,
			);
			productRefGroup = BFB813E125A3FBAE00405BF1 /* Products */;
			projectDirPath = "";
			projectRoot = "";
			targets = (
				BFB813DF25A3FBAE00405BF1 /* autenticador */,
			);
		};
/* End PBXProject section */

/* Begin PBXResourcesBuildPhase section */
		BFB813DE25A3FBAE00405BF1 /* Resources */ = {
			isa = PBXResourcesBuildPhase;
			buildActionMask = 2147483647;
			files = (
				BFB813F025A3FBB500405BF1 /* LaunchScreen.storyboard in Resources */,
				BFB813ED25A3FBB500405BF1 /* Assets.xcassets in Resources */,
				BFB813EB25A3FBAE00405BF1 /* Main.storyboard in Resources */,
			);
			runOnlyForDeploymentPostprocessing = 0;
		};
/* End PBXResourcesBuildPhase section */

/* Begin PBXSourcesBuildPhase section */
		BFB813DC25A3FBAE00405BF1 /* Sources */ = {
			isa = PBXSourcesBuildPhase;
			buildActionMask = 2147483647;
			files = (
				BFB813E825A3FBAE00405BF1 /* MainViewController.swift in Sources */,
				BFB8140525A55CAA00405BF1 /* NewOtpViewController.swift in Sources */,
				BFB8141925AE7A5D00405BF1 /* OtpDao.swift in Sources */,
				BFB813E425A3FBAE00405BF1 /* AppDelegate.swift in Sources */,
				BFB813E625A3FBAE00405BF1 /* SceneDelegate.swift in Sources */,
				BFB8140225A536B200405BF1 /* Otp.swift in Sources */,
				BFB8140825A69C2F00405BF1 /* ManualViewController.swift in Sources */,
				BFB813FF25A533E900405BF1 /* OtpTableViewCell.swift in Sources */,
				BFB8141C25AE7B3D00405BF1 /* Alert.swift in Sources */,
				BFB8141525AE7A3100405BF1 /* BaseDao.swift in Sources */,
				BF37087F25C22E8500183277 /* ScannerViewController.swift in Sources */,
			);
			runOnlyForDeploymentPostprocessing = 0;
		};
/* End PBXSourcesBuildPhase section */

/* Begin PBXVariantGroup section */
		BFB813E925A3FBAE00405BF1 /* Main.storyboard */ = {
			isa = PBXVariantGroup;
			children = (
				BFB813EA25A3FBAE00405BF1 /* Base */,
			);
			name = Main.storyboard;
			sourceTree = "<group>";
		};
		BFB813EE25A3FBB500405BF1 /* LaunchScreen.storyboard */ = {
			isa = PBXVariantGroup;
			children = (
				BFB813EF25A3FBB500405BF1 /* Base */,
			);
			name = LaunchScreen.storyboard;
			sourceTree = "<group>";
		};
/* End PBXVariantGroup section */

/* Begin XCBuildConfiguration section */
		BFB813F225A3FBB500405BF1 /* Debug */ = {
			isa = XCBuildConfiguration;
			buildSettings = {
				ALWAYS_SEARCH_USER_PATHS = NO;
				CLANG_ANALYZER_NONNULL = YES;
				CLANG_ANALYZER_NUMBER_OBJECT_CONVERSION = YES_AGGRESSIVE;
				CLANG_CXX_LANGUAGE_STANDARD = "gnu++14";
				CLANG_CXX_LIBRARY = "libc++";
				CLANG_ENABLE_MODULES = YES;
				CLANG_ENABLE_OBJC_ARC = YES;
				CLANG_ENABLE_OBJC_WEAK = YES;
				CLANG_WARN_BLOCK_CAPTURE_AUTORELEASING = YES;
				CLANG_WARN_BOOL_CONVERSION = YES;
				CLANG_WARN_COMMA = YES;
				CLANG_WARN_CONSTANT_CONVERSION = YES;
				CLANG_WARN_DEPRECATED_OBJC_IMPLEMENTATIONS = YES;
				CLANG_WARN_DIRECT_OBJC_ISA_USAGE = YES_ERROR;
				CLANG_WARN_DOCUMENTATION_COMMENTS = YES;
				CLANG_WARN_EMPTY_BODY = YES;
				CLANG_WARN_ENUM_CONVERSION = YES;
				CLANG_WARN_INFINITE_RECURSION = YES;
				CLANG_WARN_INT_CONVERSION = YES;
				CLANG_WARN_NON_LITERAL_NULL_CONVERSION = YES;
				CLANG_WARN_OBJC_IMPLICIT_RETAIN_SELF = YES;
				CLANG_WARN_OBJC_LITERAL_CONVERSION = YES;
				CLANG_WARN_OBJC_ROOT_CLASS = YES_ERROR;
				CLANG_WARN_QUOTED_INCLUDE_IN_FRAMEWORK_HEADER = YES;
				CLANG_WARN_RANGE_LOOP_ANALYSIS = YES;
				CLANG_WARN_STRICT_PROTOTYPES = YES;
				CLANG_WARN_SUSPICIOUS_MOVE = YES;
				CLANG_WARN_UNGUARDED_AVAILABILITY = YES_AGGRESSIVE;
				CLANG_WARN_UNREACHABLE_CODE = YES;
				CLANG_WARN__DUPLICATE_METHOD_MATCH = YES;
				COPY_PHASE_STRIP = NO;
				DEBUG_INFORMATION_FORMAT = dwarf;
				ENABLE_STRICT_OBJC_MSGSEND = YES;
				ENABLE_TESTABILITY = YES;
				GCC_C_LANGUAGE_STANDARD = gnu11;
				GCC_DYNAMIC_NO_PIC = NO;
				GCC_NO_COMMON_BLOCKS = YES;
				GCC_OPTIMIZATION_LEVEL = 0;
				GCC_PREPROCESSOR_DEFINITIONS = (
					"DEBUG=1",
					"$(inherited)",
				);
				GCC_WARN_64_TO_32_BIT_CONVERSION = YES;
				GCC_WARN_ABOUT_RETURN_TYPE = YES_ERROR;
				GCC_WARN_UNDECLARED_SELECTOR = YES;
				GCC_WARN_UNINITIALIZED_AUTOS = YES_AGGRESSIVE;
				GCC_WARN_UNUSED_FUNCTION = YES;
				GCC_WARN_UNUSED_VARIABLE = YES;
				IPHONEOS_DEPLOYMENT_TARGET = 14.3;
				MTL_ENABLE_DEBUG_INFO = INCLUDE_SOURCE;
				MTL_FAST_MATH = YES;
				ONLY_ACTIVE_ARCH = YES;
				SDKROOT = iphoneos;
				SWIFT_ACTIVE_COMPILATION_CONDITIONS = DEBUG;
				SWIFT_OPTIMIZATION_LEVEL = "-Onone";
			};
			name = Debug;
		};
		BFB813F325A3FBB500405BF1 /* Release */ = {
			isa = XCBuildConfiguration;
			buildSettings = {
				ALWAYS_SEARCH_USER_PATHS = NO;
				CLANG_ANALYZER_NONNULL = YES;
				CLANG_ANALYZER_NUMBER_OBJECT_CONVERSION = YES_AGGRESSIVE;
				CLANG_CXX_LANGUAGE_STANDARD = "gnu++14";
				CLANG_CXX_LIBRARY = "libc++";
				CLANG_ENABLE_MODULES = YES;
				CLANG_ENABLE_OBJC_ARC = YES;
				CLANG_ENABLE_OBJC_WEAK = YES;
				CLANG_WARN_BLOCK_CAPTURE_AUTORELEASING = YES;
				CLANG_WARN_BOOL_CONVERSION = YES;
				CLANG_WARN_COMMA = YES;
				CLANG_WARN_CONSTANT_CONVERSION = YES;
				CLANG_WARN_DEPRECATED_OBJC_IMPLEMENTATIONS = YES;
				CLANG_WARN_DIRECT_OBJC_ISA_USAGE = YES_ERROR;
				CLANG_WARN_DOCUMENTATION_COMMENTS = YES;
				CLANG_WARN_EMPTY_BODY = YES;
				CLANG_WARN_ENUM_CONVERSION = YES;
				CLANG_WARN_INFINITE_RECURSION = YES;
				CLANG_WARN_INT_CONVERSION = YES;
				CLANG_WARN_NON_LITERAL_NULL_CONVERSION = YES;
				CLANG_WARN_OBJC_IMPLICIT_RETAIN_SELF = YES;
				CLANG_WARN_OBJC_LITERAL_CONVERSION = YES;
				CLANG_WARN_OBJC_ROOT_CLASS = YES_ERROR;
				CLANG_WARN_QUOTED_INCLUDE_IN_FRAMEWORK_HEADER = YES;
				CLANG_WARN_RANGE_LOOP_ANALYSIS = YES;
				CLANG_WARN_STRICT_PROTOTYPES = YES;
				CLANG_WARN_SUSPICIOUS_MOVE = YES;
				CLANG_WARN_UNGUARDED_AVAILABILITY = YES_AGGRESSIVE;
				CLANG_WARN_UNREACHABLE_CODE = YES;
				CLANG_WARN__DUPLICATE_METHOD_MATCH = YES;
				COPY_PHASE_STRIP = NO;
				DEBUG_INFORMATION_FORMAT = "dwarf-with-dsym";
				ENABLE_NS_ASSERTIONS = NO;
				ENABLE_STRICT_OBJC_MSGSEND = YES;
				GCC_C_LANGUAGE_STANDARD = gnu11;
				GCC_NO_COMMON_BLOCKS = YES;
				GCC_WARN_64_TO_32_BIT_CONVERSION = YES;
				GCC_WARN_ABOUT_RETURN_TYPE = YES_ERROR;
				GCC_WARN_UNDECLARED_SELECTOR = YES;
				GCC_WARN_UNINITIALIZED_AUTOS = YES_AGGRESSIVE;
				GCC_WARN_UNUSED_FUNCTION = YES;
				GCC_WARN_UNUSED_VARIABLE = YES;
				IPHONEOS_DEPLOYMENT_TARGET = 14.3;
				MTL_ENABLE_DEBUG_INFO = NO;
				MTL_FAST_MATH = YES;
				SDKROOT = iphoneos;
				SWIFT_COMPILATION_MODE = wholemodule;
				SWIFT_OPTIMIZATION_LEVEL = "-O";
				VALIDATE_PRODUCT = YES;
			};
			name = Release;
		};
		BFB813F525A3FBB500405BF1 /* Debug */ = {
			isa = XCBuildConfiguration;
			buildSettings = {
				ASSETCATALOG_COMPILER_APPICON_NAME = AppIcon;
				ASSETCATALOG_COMPILER_GLOBAL_ACCENT_COLOR_NAME = AccentColor;
				CODE_SIGN_STYLE = Automatic;
				DEVELOPMENT_TEAM = RWQ8WM337R;
				INFOPLIST_FILE = autenticador/Info.plist;
				LD_RUNPATH_SEARCH_PATHS = (
					"$(inherited)",
					"@executable_path/Frameworks",
				);
				PRODUCT_BUNDLE_IDENTIFIER = luizantoniojr.autenticador;
				PRODUCT_NAME = "$(TARGET_NAME)";
				SWIFT_VERSION = 5.0;
				TARGETED_DEVICE_FAMILY = "1,2";
			};
			name = Debug;
		};
		BFB813F625A3FBB500405BF1 /* Release */ = {
			isa = XCBuildConfiguration;
			buildSettings = {
				ASSETCATALOG_COMPILER_APPICON_NAME = AppIcon;
				ASSETCATALOG_COMPILER_GLOBAL_ACCENT_COLOR_NAME = AccentColor;
				CODE_SIGN_STYLE = Automatic;
				DEVELOPMENT_TEAM = RWQ8WM337R;
				INFOPLIST_FILE = autenticador/Info.plist;
				LD_RUNPATH_SEARCH_PATHS = (
					"$(inherited)",
					"@executable_path/Frameworks",
				);
				PRODUCT_BUNDLE_IDENTIFIER = luizantoniojr.autenticador;
				PRODUCT_NAME = "$(TARGET_NAME)";
				SWIFT_VERSION = 5.0;
				TARGETED_DEVICE_FAMILY = "1,2";
			};
			name = Release;
		};
/* End XCBuildConfiguration section */

/* Begin XCConfigurationList section */
		BFB813DB25A3FBAE00405BF1 /* Build configuration list for PBXProject "autenticador" */ = {
			isa = XCConfigurationList;
			buildConfigurations = (
				BFB813F225A3FBB500405BF1 /* Debug */,
				BFB813F325A3FBB500405BF1 /* Release */,
			);
			defaultConfigurationIsVisible = 0;
			defaultConfigurationName = Release;
		};
		BFB813F425A3FBB500405BF1 /* Build configuration list for PBXNativeTarget "autenticador" */ = {
			isa = XCConfigurationList;
			buildConfigurations = (
				BFB813F525A3FBB500405BF1 /* Debug */,
				BFB813F625A3FBB500405BF1 /* Release */,
			);
			defaultConfigurationIsVisible = 0;
			defaultConfigurationName = Release;
		};
/* End XCConfigurationList section */

/* Begin XCRemoteSwiftPackageReference section */
		BFB8141E25AE8AD000405BF1 /* XCRemoteSwiftPackageReference "SwiftOTP" */ = {
			isa = XCRemoteSwiftPackageReference;
			repositoryURL = "https://github.com/lachlanbell/SwiftOTP.git";
			requirement = {
				kind = upToNextMajorVersion;
				minimumVersion = 2.0.3;
			};
		};
/* End XCRemoteSwiftPackageReference section */

/* Begin XCSwiftPackageProductDependency section */
		BFB8141F25AE8AD000405BF1 /* SwiftOTP */ = {
			isa = XCSwiftPackageProductDependency;
			package = BFB8141E25AE8AD000405BF1 /* XCRemoteSwiftPackageReference "SwiftOTP" */;
			productName = SwiftOTP;
		};
/* End XCSwiftPackageProductDependency section */
	};
	rootObject = BFB813D825A3FBAE00405BF1 /* Project object */;
}
